// !$*UTF8*$!
{
	archiveVersion = 1;
	classes = {
	};
	objectVersion = 56;
	objects = {

/* Begin PBXBuildFile section */
		A10000011F2D /* SlapMacApp.swift in Sources */ = {isa = PBXBuildFile; fileRef = A10000001F2D /* SlapMacApp.swift */; };
		A10000031F2D /* ContentView.swift in Sources */ = {isa = PBXBuildFile; fileRef = A10000021F2D /* ContentView.swift */; };
		A10000051F2D /* MotionDetector.swift in Sources */ = {isa = PBXBuildFile; fileRef = A10000041F2D /* MotionDetector.swift */; };
		A10000071F2D /* AudioEngine.swift in Sources */ = {isa = PBXBuildFile; fileRef = A10000061F2D /* AudioEngine.swift */; };
		A10000091F2D /* SlapCounter.swift in Sources */ = {isa = PBXBuildFile; fileRef = A10000081F2D /* SlapCounter.swift */; };
		A100000B1F2D /* AppSettings.swift in Sources */ = {isa = PBXBuildFile; fileRef = A100000A1F2D /* AppSettings.swift */; };
/* End PBXBuildFile section */

/* Begin PBXFileReference section */
		A10000001F2D /* SlapMacApp.swift */ = {isa = PBXFileReference; lastKnownFileType = sourcecode.swift; path = SlapMacApp.swift; sourceTree = "<group>"; };
		A10000021F2D /* ContentView.swift */ = {isa = PBXFileReference; lastKnownFileType = sourcecode.swift; path = ContentView.swift; sourceTree = "<group>"; };
		A10000041F2D /* MotionDetector.swift */ = {isa = PBXFileReference; lastKnownFileType = sourcecode.swift; path = MotionDetector.swift; sourceTree = "<group>"; };
		A10000061F2D /* AudioEngine.swift */ = {isa = PBXFileReference; lastKnownFileType = sourcecode.swift; path = AudioEngine.swift; sourceTree = "<group>"; };
		A10000081F2D /* SlapCounter.swift */ = {isa = PBXFileReference; lastKnownFileType = sourcecode.swift; path = SlapCounter.swift; sourceTree = "<group>"; };
		A100000A1F2D /* AppSettings.swift */ = {isa = PBXFileReference; lastKnownFileType = sourcecode.swift; path = AppSettings.swift; sourceTree = "<group>"; };
		A100000C1F2D /* SlapMac.entitlements */ = {isa = PBXFileReference; lastKnownFileType = text.plist.entitlements; path = SlapMac.entitlements; sourceTree = "<group>"; };
		A100000D1F2D /* SlapMac.app */ = {isa = PBXFileReference; explicitFileType = wrapper.application; includeInIndex = 0; path = SlapMac.app; sourceTree = BUILT_PRODUCTS_DIR; };
/* End PBXFileReference section */

/* Begin PBXFrameworksBuildPhase section */
		A100000E1F2D /* Frameworks */ = {
			isa = PBXFrameworksBuildPhase;
			buildActionMask = 2147483647;
			files = (
			);
			runOnlyForDeploymentPostprocessing = 0;
		};
/* End PBXFrameworksBuildPhase section */

/* Begin PBXGroup section */
		A100000F1F2D = {
			isa = PBXGroup;
			children = (
				A10000101F2D /* SlapMac */,
				A10000111F2D /* Products */,
			);
			sourceTree = "<group>";
		};
		A10000101F2D /* SlapMac */ = {
			isa = PBXGroup;
			children = (
				A10000001F2D /* SlapMacApp.swift */,
				A10000021F2D /* ContentView.swift */,
				A10000041F2D /* MotionDetector.swift */,
				A10000061F2D /* AudioEngine.swift */,
				A10000081F2D /* SlapCounter.swift */,
				A100000A1F2D /* AppSettings.swift */,
				A100000C1F2D /* SlapMac.entitlements */,
			);
			path = SlapMac;
			sourceTree = "<group>";
		};
		A10000111F2D /* Products */ = {
			isa = PBXGroup;
			children = (
				A100000D1F2D /* SlapMac.app */,
			);
			name = Products;
			sourceTree = "<group>";
		};
/* End PBXGroup section */

/* Begin PBXNativeTarget section */
		A10000121F2D /* SlapMac */ = {
			isa = PBXNativeTarget;
			buildConfigurationList = A10000131F2D /* Build configuration list for PBXNativeTarget "SlapMac" */;
			buildPhases = (
				A10000141F2D /* Sources */,
				A100000E1F2D /* Frameworks */,
				A10000151F2D /* Resources */,
			);
			buildRules = (
			);
			dependencies = (
			);
			name = SlapMac;
			productName = SlapMac;
			productReference = A100000D1F2D /* SlapMac.app */;
			productType = "com.apple.product-type.application";
		};
/* End PBXNativeTarget section */

/* Begin PBXProject section */
		A10000161F2D /* Project object */ = {
			isa = PBXProject;
			attributes = {
				BuildIndependentTargetsInParallel = 1;
				LastSwiftUpdateCheck = 1500;
				LastUpgradeCheck = 1500;
				TargetAttributes = {
					A10000121F2D = {
						CreatedOnToolsVersion = 15.0;
					};
				};
			};
			buildConfigurationList = A10000171F2D /* Build configuration list for PBXProject "SlapMac" */;
			compatibilityVersion = "Xcode 14.0";
			developmentRegion = en;
			hasScannedForEncodings = 0;
			knownRegions = (
				en,
				Base,
			);
			mainGroup = A100000F1F2D;
			productRefGroup = A10000111F2D /* Products */;
			projectDirPath = "";
			projectRoot = "";
			targets = (
				A10000121F2D /* SlapMac */,
			);
		};
/* End PBXProject section */

/* Begin PBXResourcesBuildPhase section */
		A10000151F2D /* Resources */ = {
			isa = PBXResourcesBuildPhase;
			buildActionMask = 2147483647;
			files = (
			);
			runOnlyForDeploymentPostprocessing = 0;
		};
/* End PBXResourcesBuildPhase section */

/* Begin PBXSourcesBuildPhase section */
		A10000141F2D /* Sources */ = {
			isa = PBXSourcesBuildPhase;
			buildActionMask = 2147483647;
			files = (
				A10000011F2D /* SlapMacApp.swift in Sources */,
				A10000031F2D /* ContentView.swift in Sources */,
				A10000051F2D /* MotionDetector.swift in Sources */,
				A10000071F2D /* AudioEngine.swift in Sources */,
				A10000091F2D /* SlapCounter.swift in Sources */,
				A100000B1F2D /* AppSettings.swift in Sources */,
			);
			runOnlyForDeploymentPostprocessing = 0;
		};
/* End PBXSourcesBuildPhase section */

/* Begin XCBuildConfiguration section */
		A10000181F2D /* Debug */ = {
			isa = XCBuildConfiguration;
			buildSettings = {
				ALWAYS_SEARCH_USER_PATHS = NO;
				ASSETCATALOG_COMPILER_GENERATE_SWIFT_ASSET_SYMBOL_EXTENSIONS = YES;
				CLANG_ANALYZER_NONNULL = YES;
				CLANG_CXX_LANGUAGE_STANDARD = "gnu++20";
				CLANG_ENABLE_MODULES = YES;
				CLANG_ENABLE_OBJC_ARC = YES;
				CLANG_ENABLE_OBJC_WEAK = YES;
				COPY_PHASE_STRIP = NO;
				DEBUG_INFORMATION_FORMAT = dwarf;
				ENABLE_STRICT_OBJC_MSGSEND = YES;
				ENABLE_TESTABILITY = YES;
				GCC_C_LANGUAGE_STANDARD = gnu17;
				GCC_DYNAMIC_NO_PIC = NO;
				GCC_NO_COMMON_BLOCKS = YES;
				GCC_OPTIMIZATION_LEVEL = 0;
				GCC_PREPROCESSOR_DEFINITIONS = (
					"DEBUG=1",
					"$(inherited)",
				);
				GCC_WARN_64_TO_32_BIT_CONVERSION = YES;
				GCC_WARN_ABOUT_RETURN_TYPE = YES_ERROR;
				MACOSX_DEPLOYMENT_TARGET = 14.0;
				MTL_ENABLE_DEBUG_INFO = INCLUDE_SOURCE;
				ONLY_ACTIVE_ARCH = YES;
				SDKROOT = macosx;
				SWIFT_ACTIVE_COMPILATION_CONDITIONS = "DEBUG $(inherited)";
				SWIFT_OPTIMIZATION_LEVEL = "-Onone";
			};
			name = Debug;
		};
		A10000191F2D /* Release */ = {
			isa = XCBuildConfiguration;
			buildSettings = {
				ALWAYS_SEARCH_USER_PATHS = NO;
				ASSETCATALOG_COMPILER_GENERATE_SWIFT_ASSET_SYMBOL_EXTENSIONS = YES;
				CLANG_ANALYZER_NONNULL = YES;
				CLANG_CXX_LANGUAGE_STANDARD = "gnu++20";
				CLANG_ENABLE_MODULES = YES;
				CLANG_ENABLE_OBJC_ARC = YES;
				CLANG_ENABLE_OBJC_WEAK = YES;
				COPY_PHASE_STRIP = NO;
				DEBUG_INFORMATION_FORMAT = "dwarf-with-dsym";
				ENABLE_NS_ASSERTIONS = NO;
				ENABLE_STRICT_OBJC_MSGSEND = YES;
				GCC_C_LANGUAGE_STANDARD = gnu17;
				GCC_NO_COMMON_BLOCKS = YES;
				GCC_WARN_64_TO_32_BIT_CONVERSION = YES;
				GCC_WARN_ABOUT_RETURN_TYPE = YES_ERROR;
				MACOSX_DEPLOYMENT_TARGET = 14.0;
				MTL_ENABLE_DEBUG_INFO = NO;
				SDKROOT = macosx;
				SWIFT_COMPILATION_MODE = wholemodule;
			};
			name = Release;
		};
		A100001A1F2D /* Debug */ = {
			isa = XCBuildConfiguration;
			buildSettings = {
				CODE_SIGN_ENTITLEMENTS = SlapMac/SlapMac.entitlements;
				CODE_SIGN_STYLE = Automatic;
				COMBINE_HIDPI_IMAGES = YES;
				CURRENT_PROJECT_VERSION = 1;
				DEVELOPMENT_ASSET_PATHS = "";
				ENABLE_HARDENED_RUNTIME = YES;
				ENABLE_PREVIEWS = YES;
				GENERATE_INFOPLIST_FILE = YES;
				INFOPLIST_KEY_LSUIElement = YES;
				INFOPLIST_KEY_NSHumanReadableCopyright = "";
				LD_RUNPATH_SEARCH_PATHS = (
					"$(inherited)",
					"@executable_path/../Frameworks",
				);
				MARKETING_VERSION = 1.0;
				PRODUCT_BUNDLE_IDENTIFIER = com.artyomx.slapmac;
				PRODUCT_NAME = "$(TARGET_NAME)";
				SWIFT_EMIT_LOC_STRINGS = YES;
				SWIFT_VERSION = 5.0;
			};
			name = Debug;
		};
		A100001B1F2D /* Release */ = {
			isa = XCBuildConfiguration;
			buildSettings = {
				CODE_SIGN_ENTITLEMENTS = SlapMac/SlapMac.entitlements;
				CODE_SIGN_STYLE = Automatic;
				COMBINE_HIDPI_IMAGES = YES;
				CURRENT_PROJECT_VERSION = 1;
				DEVELOPMENT_ASSET_PATHS = "";
				ENABLE_HARDENED_RUNTIME = YES;
				ENABLE_PREVIEWS = YES;
				GENERATE_INFOPLIST_FILE = YES;
				INFOPLIST_KEY_LSUIElement = YES;
				INFOPLIST_KEY_NSHumanReadableCopyright = "";
				LD_RUNPATH_SEARCH_PATHS = (
					"$(inherited)",
					"@executable_path/../Frameworks",
				);
				MARKETING_VERSION = 1.0;
				PRODUCT_BUNDLE_IDENTIFIER = com.artyomx.slapmac;
				PRODUCT_NAME = "$(TARGET_NAME)";
				SWIFT_EMIT_LOC_STRINGS = YES;
				SWIFT_VERSION = 5.0;
			};
			name = Release;
		};
/* End XCBuildConfiguration section */

/* Begin XCConfigurationList section */
		A10000171F2D /* Build configuration list for PBXProject "SlapMac" */ = {
			isa = XCConfigurationList;
			buildConfigurations = (
				A10000181F2D /* Debug */,
				A10000191F2D /* Release */,
			);
			defaultConfigurationIsVisible = 0;
			defaultConfigurationName = Release;
		};
		A10000131F2D /* Build configuration list for PBXNativeTarget "SlapMac" */ = {
			isa = XCConfigurationList;
			buildConfigurations = (
				A100001A1F2D /* Debug */,
				A100001B1F2D /* Release */,
			);
			defaultConfigurationIsVisible = 0;
			defaultConfigurationName = Release;
		};
/* End XCConfigurationList section */
	};
	rootObject = A10000161F2D /* Project object */;
}
